
Microsoft Visual Studio Solution File, Format Version 12.00
# Visual Studio 15
VisualStudioVersion = 15.0.28010.2048
MinimumVisualStudioVersion = 10.0.40219.1
Project("{8BC9CEB8-8B4A-11D0-8D11-00A0C91BC942}") = "fits_reader", "fits_reader.vcxproj", "{BB6CA7D3-91AD-4092-9C24-873F13D9D158}"
EndProject
Global
	GlobalSection(SolutionConfigurationPlatforms) = preSolution
		Release|x64 = Release|x64
	EndGlobalSection
	GlobalSection(ProjectConfigurationPlatforms) = postSolution
		{BB6CA7D3-91AD-4092-9C24-873F13D9D158}.Release|x64.ActiveCfg = Release|x64
		{BB6CA7D3-91AD-4092-9C24-873F13D9D158}.Release|x64.Build.0 = Release|x64
	EndGlobalSection
	GlobalSection(SolutionProperties) = preSolution
		HideSolutionNode = FALSE
	EndGlobalSection
	GlobalSection(ExtensibilityGlobals) = postSolution
		SolutionGuid = {150DA52A-0E82-4A4B-BDA6-EB88700247B4}
	EndGlobalSection
EndGlobal
